
Microsoft Visual Studio Solution File, Format Version 12.00
# Visual Studio Version 16
VisualStudioVersion = 16.0.30128.74
MinimumVisualStudioVersion = 10.0.40219.1
Project("{FAE04EC0-301F-11D3-BF4B-00C04F79EFBC}") = "OracleClientExtension", "OracleClientExtension.csproj", "{067E3E79-4641-4CD4-95EB-5ED1ADFA4D88}"
EndProject
Global
	GlobalSection(SolutionConfigurationPlatforms) = preSolution
		Debug|Any CPU = Debug|Any CPU
		Release|Any CPU = Release|Any CPU
	EndGlobalSection
	GlobalSection(ProjectConfigurationPlatforms) = postSolution
		{067E3E79-4641-4CD4-95EB-5ED1ADFA4D88}.Debug|Any CPU.ActiveCfg = Debug|Any CPU
		{067E3E79-4641-4CD4-95EB-5ED1ADFA4D88}.Debug|Any CPU.Build.0 = Debug|Any CPU
		{067E3E79-4641-4CD4-95EB-5ED1ADFA4D88}.Release|Any CPU.ActiveCfg = Release|Any CPU
		{067E3E79-4641-4CD4-95EB-5ED1ADFA4D88}.Release|Any CPU.Build.0 = Release|Any CPU
	EndGlobalSection
	GlobalSection(SolutionProperties) = preSolution
		HideSolutionNode = FALSE
	EndGlobalSection
	GlobalSection(ExtensibilityGlobals) = postSolution
		SolutionGuid = {21D5B5E3-01D0-48CA-8F6A-81713D0C8E28}
	EndGlobalSection
EndGlobal
